{
  "version": 4,
  "terraform_version": "1.5.4",
  "serial": 3,
  "lineage": "6c5522f6-0b51-bc3d-7bf6-976ec3cf3826",
  "outputs": {},
  "resources": [
    {
      "mode": "managed",
      "type": "github_repository",
      "name": "tozo",
      "provider": "provider[\"registry.terraform.io/integrations/github\"]",
      "instances": [
        {
          "schema_version": 0,
          "attributes": {
            "allow_auto_merge": false,
            "allow_merge_commit": false,
            "allow_rebase_merge": false,
            "allow_squash_merge": false,
            "archive_on_destroy": null,
            "archived": false,
            "auto_init": null,
            "branches": [],
            "default_branch": "main",
            "delete_branch_on_merge": false,
            "description": "",
            "etag": "W/\"d90403801f6ea2c1361e2dbfcd670cbb6c0d305360b6e34e9cdfcc791973087f\"",
            "full_name": "su-shubham/tozo",
            "git_clone_url": "git://github.com/su-shubham/tozo.git",
            "gitignore_template": null,
            "has_downloads": false,
            "has_issues": true,
            "has_projects": false,
            "has_wiki": false,
            "homepage_url": "",
            "html_url": "https://github.com/su-shubham/tozo",
            "http_clone_url": "https://github.com/su-shubham/tozo.git",
            "id": "tozo",
            "ignore_vulnerability_alerts_during_read": null,
            "is_template": false,
            "license_template": null,
            "merge_commit_message": "",
            "merge_commit_title": "",
            "name": "tozo",
            "node_id": "R_kgDOKA64xw",
            "pages": [],
            "private": false,
            "repo_id": 672053447,
            "squash_merge_commit_message": "",
            "squash_merge_commit_title": "",
            "ssh_clone_url": "git@github.com:su-shubham/tozo.git",
            "svn_url": "https://github.com/su-shubham/tozo",
            "template": [],
            "topics": null,
            "visibility": "public",
            "vulnerability_alerts": false
          },
          "sensitive_attributes": [],
          "private": "bnVsbA=="
        }
      ]
    }
  ],
  "check_results": null
}
